
Microsoft Visual Studio Solution File, Format Version 12.00
# Visual Studio Version 16
VisualStudioVersion = 16.0.30320.27
MinimumVisualStudioVersion = 10.0.40219.1
Project("{FAE04EC0-301F-11D3-BF4B-00C04F79EFBC}") = "MinIO", "MinIO\MinIO.csproj", "{B6F90FA1-DD65-4CF1-98A4-11283F57FA74}"
EndProject
Global
	GlobalSection(SolutionConfigurationPlatforms) = preSolution
		Debug|Any CPU = Debug|Any CPU
		Release|Any CPU = Release|Any CPU
	EndGlobalSection
	GlobalSection(ProjectConfigurationPlatforms) = postSolution
		{B6F90FA1-DD65-4CF1-98A4-11283F57FA74}.Debug|Any CPU.ActiveCfg = Debug|Any CPU
		{B6F90FA1-DD65-4CF1-98A4-11283F57FA74}.Debug|Any CPU.Build.0 = Debug|Any CPU
		{B6F90FA1-DD65-4CF1-98A4-11283F57FA74}.Release|Any CPU.ActiveCfg = Release|Any CPU
		{B6F90FA1-DD65-4CF1-98A4-11283F57FA74}.Release|Any CPU.Build.0 = Release|Any CPU
	EndGlobalSection
	GlobalSection(SolutionProperties) = preSolution
		HideSolutionNode = FALSE
	EndGlobalSection
	GlobalSection(ExtensibilityGlobals) = postSolution
		SolutionGuid = {BC939DDC-5F5D-476B-ABEB-9DD8BC9FA074}
	EndGlobalSection
EndGlobal
